
Microsoft Visual Studio Solution File, Format Version 12.00
# Visual Studio 15
VisualStudioVersion = 15.0.27428.2037
MinimumVisualStudioVersion = 10.0.40219.1
Project("{FAE04EC0-301F-11D3-BF4B-00C04F79EFBC}") = "FluidCalc", "FluidCalc\FluidCalc.csproj", "{B2BEEC1D-6A29-45B3-9D33-4D6966E356D7}"
EndProject
Global
	GlobalSection(SolutionConfigurationPlatforms) = preSolution
		Debug|Any CPU = Debug|Any CPU
		Release|Any CPU = Release|Any CPU
	EndGlobalSection
	GlobalSection(ProjectConfigurationPlatforms) = postSolution
		{B2BEEC1D-6A29-45B3-9D33-4D6966E356D7}.Debug|Any CPU.ActiveCfg = Debug|Any CPU
		{B2BEEC1D-6A29-45B3-9D33-4D6966E356D7}.Debug|Any CPU.Build.0 = Debug|Any CPU
		{B2BEEC1D-6A29-45B3-9D33-4D6966E356D7}.Release|Any CPU.ActiveCfg = Release|Any CPU
		{B2BEEC1D-6A29-45B3-9D33-4D6966E356D7}.Release|Any CPU.Build.0 = Release|Any CPU
	EndGlobalSection
	GlobalSection(SolutionProperties) = preSolution
		HideSolutionNode = FALSE
	EndGlobalSection
	GlobalSection(ExtensibilityGlobals) = postSolution
		SolutionGuid = {C1EC6482-D557-4358-894A-7128C922AAB8}
	EndGlobalSection
EndGlobal
